
Microsoft Visual Studio Solution File, Format Version 12.00
# Visual Studio 15
VisualStudioVersion = 15.0.28307.572
MinimumVisualStudioVersion = 10.0.40219.1
Project("{FAE04EC0-301F-11D3-BF4B-00C04F79EFBC}") = "BetsPlanUIAutomation", "BetsPlanUIAutomation\BetsPlanUIAutomation.csproj", "{EDD19437-BC6C-4E7F-A313-338A1AAEAA74}"
EndProject
Project("{FAE04EC0-301F-11D3-BF4B-00C04F79EFBC}") = "TestStack.White", "TestStack.White\TestStack.White.csproj", "{12C59CE2-9CF7-44F4-B27C-90754609F979}"
EndProject
Project("{2150E333-8FDC-42A3-9474-1A3956D46DE8}") = "White", "White", "{CDC1A203-C46C-4168-9A6A-FDA7DF8C273C}"
EndProject
Global
	GlobalSection(SolutionConfigurationPlatforms) = preSolution
		Debug|Any CPU = Debug|Any CPU
		Release|Any CPU = Release|Any CPU
	EndGlobalSection
	GlobalSection(ProjectConfigurationPlatforms) = postSolution
		{EDD19437-BC6C-4E7F-A313-338A1AAEAA74}.Debug|Any CPU.ActiveCfg = Debug|Any CPU
		{EDD19437-BC6C-4E7F-A313-338A1AAEAA74}.Debug|Any CPU.Build.0 = Debug|Any CPU
		{EDD19437-BC6C-4E7F-A313-338A1AAEAA74}.Release|Any CPU.ActiveCfg = Release|Any CPU
		{EDD19437-BC6C-4E7F-A313-338A1AAEAA74}.Release|Any CPU.Build.0 = Release|Any CPU
		{12C59CE2-9CF7-44F4-B27C-90754609F979}.Debug|Any CPU.ActiveCfg = Debug|Any CPU
		{12C59CE2-9CF7-44F4-B27C-90754609F979}.Debug|Any CPU.Build.0 = Debug|Any CPU
		{12C59CE2-9CF7-44F4-B27C-90754609F979}.Release|Any CPU.ActiveCfg = Release|Any CPU
		{12C59CE2-9CF7-44F4-B27C-90754609F979}.Release|Any CPU.Build.0 = Release|Any CPU
	EndGlobalSection
	GlobalSection(SolutionProperties) = preSolution
		HideSolutionNode = FALSE
	EndGlobalSection
	GlobalSection(NestedProjects) = preSolution
		{12C59CE2-9CF7-44F4-B27C-90754609F979} = {CDC1A203-C46C-4168-9A6A-FDA7DF8C273C}
	EndGlobalSection
	GlobalSection(ExtensibilityGlobals) = postSolution
		SolutionGuid = {AFD0F148-E225-4037-A3CE-FD0AC9B02179}
	EndGlobalSection
EndGlobal
